
Microsoft Visual Studio Solution File, Format Version 12.00
# Visual Studio 14
VisualStudioVersion = 14.0.25420.1
MinimumVisualStudioVersion = 10.0.40219.1
Project("{FAE04EC0-301F-11D3-BF4B-00C04F79EFBC}") = "20.Trigger_WPF", "20.Trigger_WPF\20.Trigger_WPF.csproj", "{A8B4FE3E-759E-4BC1-ADBA-809E9D581DEB}"
EndProject
Global
	GlobalSection(SolutionConfigurationPlatforms) = preSolution
		Debug|Any CPU = Debug|Any CPU
		Release|Any CPU = Release|Any CPU
	EndGlobalSection
	GlobalSection(ProjectConfigurationPlatforms) = postSolution
		{A8B4FE3E-759E-4BC1-ADBA-809E9D581DEB}.Debug|Any CPU.ActiveCfg = Debug|Any CPU
		{A8B4FE3E-759E-4BC1-ADBA-809E9D581DEB}.Debug|Any CPU.Build.0 = Debug|Any CPU
		{A8B4FE3E-759E-4BC1-ADBA-809E9D581DEB}.Release|Any CPU.ActiveCfg = Release|Any CPU
		{A8B4FE3E-759E-4BC1-ADBA-809E9D581DEB}.Release|Any CPU.Build.0 = Release|Any CPU
	EndGlobalSection
	GlobalSection(SolutionProperties) = preSolution
		HideSolutionNode = FALSE
	EndGlobalSection
EndGlobal
